// !$*UTF8*$!
{
	archiveVersion = 1;
	classes = {
	};
	objectVersion = 46;
	objects = {

/* Begin PBXBuildFile section */
		4B34245B1F2B1C660049D6BE /* AppDelegate.swift in Sources */ = {isa = PBXBuildFile; fileRef = 4B34245A1F2B1C660049D6BE /* AppDelegate.swift */; };
		4B34245D1F2B1C660049D6BE /* CurrentLocationViewController.swift in Sources */ = {isa = PBXBuildFile; fileRef = 4B34245C1F2B1C660049D6BE /* CurrentLocationViewController.swift */; };
		4B3424621F2B1C660049D6BE /* Main.storyboard in Resources */ = {isa = PBXBuildFile; fileRef = 4B3424601F2B1C660049D6BE /* Main.storyboard */; };
		4B3424641F2B1C660049D6BE /* Assets.xcassets in Resources */ = {isa = PBXBuildFile; fileRef = 4B3424631F2B1C660049D6BE /* Assets.xcassets */; };
		4B34246F1F2F54A00049D6BE /* LocationDetailsViewController.swift in Sources */ = {isa = PBXBuildFile; fileRef = 4B34246E1F2F54A00049D6BE /* LocationDetailsViewController.swift */; };
		4B8D79231F3195B0006FAA64 /* CategoryPickerViewController.swift in Sources */ = {isa = PBXBuildFile; fileRef = 4B8D79221F3195B0006FAA64 /* CategoryPickerViewController.swift */; };
		4BD99E1F1F3312C4001DD5C2 /* MapKit.framework in Frameworks */ = {isa = PBXBuildFile; fileRef = 4BD99E1E1F3312C4001DD5C2 /* MapKit.framework */; };
		4BD99E211F331385001DD5C2 /* MapViewController.swift in Sources */ = {isa = PBXBuildFile; fileRef = 4BD99E201F331385001DD5C2 /* MapViewController.swift */; };
		4BD99E231F333A03001DD5C2 /* UIImage+Resize.swift in Sources */ = {isa = PBXBuildFile; fileRef = 4BD99E221F333A03001DD5C2 /* UIImage+Resize.swift */; };
		4BD99E251F333D5A001DD5C2 /* String +AddText.swift in Sources */ = {isa = PBXBuildFile; fileRef = 4BD99E241F333D5A001DD5C2 /* String +AddText.swift */; };
		4BD99E271F334A28001DD5C2 /* MyTabBarController.swift in Sources */ = {isa = PBXBuildFile; fileRef = 4BD99E261F334A28001DD5C2 /* MyTabBarController.swift */; };
		4BD99E291F334A6D001DD5C2 /* MyNavigationController.swift in Sources */ = {isa = PBXBuildFile; fileRef = 4BD99E281F334A6D001DD5C2 /* MyNavigationController.swift */; };
		4BD99E2B1F334AD8001DD5C2 /* MyImagePickerController.swift in Sources */ = {isa = PBXBuildFile; fileRef = 4BD99E2A1F334AD8001DD5C2 /* MyImagePickerController.swift */; };
		4BD99E2F1F33550D001DD5C2 /* Sound.caf in Resources */ = {isa = PBXBuildFile; fileRef = 4BD99E2E1F33550D001DD5C2 /* Sound.caf */; };
		4BEAA4641F31A34C009D26C2 /* HudView.swift in Sources */ = {isa = PBXBuildFile; fileRef = 4BEAA4631F31A34C009D26C2 /* HudView.swift */; };
		4BEAA4661F31A75F009D26C2 /* Functions.swift in Sources */ = {isa = PBXBuildFile; fileRef = 4BEAA4651F31A75F009D26C2 /* Functions.swift */; };
		4BEAA4691F31A8AD009D26C2 /* DataModel.xcdatamodeld in Sources */ = {isa = PBXBuildFile; fileRef = 4BEAA4671F31A8AD009D26C2 /* DataModel.xcdatamodeld */; };
		4BEAA46C1F31AB23009D26C2 /* Location+CoreDataClass.swift in Sources */ = {isa = PBXBuildFile; fileRef = 4BEAA46A1F31AB23009D26C2 /* Location+CoreDataClass.swift */; };
		4BEAA46D1F31AB23009D26C2 /* Location+CoreDataProperties.swift in Sources */ = {isa = PBXBuildFile; fileRef = 4BEAA46B1F31AB23009D26C2 /* Location+CoreDataProperties.swift */; };
		4BEAA46F1F31E952009D26C2 /* LocationsViewController.swift in Sources */ = {isa = PBXBuildFile; fileRef = 4BEAA46E1F31E952009D26C2 /* LocationsViewController.swift */; };
		4BEAA4711F31F02C009D26C2 /* LocationCellTableViewCell.swift in Sources */ = {isa = PBXBuildFile; fileRef = 4BEAA4701F31F02C009D26C2 /* LocationCellTableViewCell.swift */; };
/* End PBXBuildFile section */

/* Begin PBXFileReference section */
		4B3424571F2B1C660049D6BE /* MyLocations.app */ = {isa = PBXFileReference; explicitFileType = wrapper.application; includeInIndex = 0; path = MyLocations.app; sourceTree = BUILT_PRODUCTS_DIR; };
		4B34245A1F2B1C660049D6BE /* AppDelegate.swift */ = {isa = PBXFileReference; lastKnownFileType = sourcecode.swift; path = AppDelegate.swift; sourceTree = "<group>"; };
		4B34245C1F2B1C660049D6BE /* CurrentLocationViewController.swift */ = {isa = PBXFileReference; lastKnownFileType = sourcecode.swift; path = CurrentLocationViewController.swift; sourceTree = "<group>"; };
		4B3424611F2B1C660049D6BE /* Base */ = {isa = PBXFileReference; lastKnownFileType = file.storyboard; name = Base; path = Base.lproj/Main.storyboard; sourceTree = "<group>"; };
		4B3424631F2B1C660049D6BE /* Assets.xcassets */ = {isa = PBXFileReference; lastKnownFileType = folder.assetcatalog; path = Assets.xcassets; sourceTree = "<group>"; };
		4B3424681F2B1C660049D6BE /* Info.plist */ = {isa = PBXFileReference; lastKnownFileType = text.plist.xml; path = Info.plist; sourceTree = "<group>"; };
		4B34246E1F2F54A00049D6BE /* LocationDetailsViewController.swift */ = {isa = PBXFileReference; fileEncoding = 4; lastKnownFileType = sourcecode.swift; path = LocationDetailsViewController.swift; sourceTree = "<group>"; };
		4B8D79221F3195B0006FAA64 /* CategoryPickerViewController.swift */ = {isa = PBXFileReference; fileEncoding = 4; lastKnownFileType = sourcecode.swift; path = CategoryPickerViewController.swift; sourceTree = "<group>"; };
		4BD99E1E1F3312C4001DD5C2 /* MapKit.framework */ = {isa = PBXFileReference; lastKnownFileType = wrapper.framework; name = MapKit.framework; path = System/Library/Frameworks/MapKit.framework; sourceTree = SDKROOT; };
		4BD99E201F331385001DD5C2 /* MapViewController.swift */ = {isa = PBXFileReference; fileEncoding = 4; lastKnownFileType = sourcecode.swift; path = MapViewController.swift; sourceTree = "<group>"; };
		4BD99E221F333A03001DD5C2 /* UIImage+Resize.swift */ = {isa = PBXFileReference; fileEncoding = 4; lastKnownFileType = sourcecode.swift; path = "UIImage+Resize.swift"; sourceTree = "<group>"; };
		4BD99E241F333D5A001DD5C2 /* String +AddText.swift */ = {isa = PBXFileReference; fileEncoding = 4; lastKnownFileType = sourcecode.swift; path = "String +AddText.swift"; sourceTree = "<group>"; };
		4BD99E261F334A28001DD5C2 /* MyTabBarController.swift */ = {isa = PBXFileReference; fileEncoding = 4; lastKnownFileType = sourcecode.swift; path = MyTabBarController.swift; sourceTree = "<group>"; };
		4BD99E281F334A6D001DD5C2 /* MyNavigationController.swift */ = {isa = PBXFileReference; fileEncoding = 4; lastKnownFileType = sourcecode.swift; path = MyNavigationController.swift; sourceTree = "<group>"; };
		4BD99E2A1F334AD8001DD5C2 /* MyImagePickerController.swift */ = {isa = PBXFileReference; fileEncoding = 4; lastKnownFileType = sourcecode.swift; path = MyImagePickerController.swift; sourceTree = "<group>"; };
		4BD99E2E1F33550D001DD5C2 /* Sound.caf */ = {isa = PBXFileReference; lastKnownFileType = file; path = Sound.caf; sourceTree = "<group>"; };
		4BEAA4631F31A34C009D26C2 /* HudView.swift */ = {isa = PBXFileReference; fileEncoding = 4; lastKnownFileType = sourcecode.swift; path = HudView.swift; sourceTree = "<group>"; };
		4BEAA4651F31A75F009D26C2 /* Functions.swift */ = {isa = PBXFileReference; fileEncoding = 4; lastKnownFileType = sourcecode.swift; path = Functions.swift; sourceTree = "<group>"; };
		4BEAA4681F31A8AD009D26C2 /* DataModel.xcdatamodel */ = {isa = PBXFileReference; lastKnownFileType = wrapper.xcdatamodel; path = DataModel.xcdatamodel; sourceTree = "<group>"; };
		4BEAA46A1F31AB23009D26C2 /* Location+CoreDataClass.swift */ = {isa = PBXFileReference; fileEncoding = 4; lastKnownFileType = sourcecode.swift; path = "Location+CoreDataClass.swift"; sourceTree = "<group>"; };
		4BEAA46B1F31AB23009D26C2 /* Location+CoreDataProperties.swift */ = {isa = PBXFileReference; fileEncoding = 4; lastKnownFileType = sourcecode.swift; path = "Location+CoreDataProperties.swift"; sourceTree = "<group>"; };
		4BEAA46E1F31E952009D26C2 /* LocationsViewController.swift */ = {isa = PBXFileReference; fileEncoding = 4; lastKnownFileType = sourcecode.swift; path = LocationsViewController.swift; sourceTree = "<group>"; };
		4BEAA4701F31F02C009D26C2 /* LocationCellTableViewCell.swift */ = {isa = PBXFileReference; fileEncoding = 4; lastKnownFileType = sourcecode.swift; path = LocationCellTableViewCell.swift; sourceTree = "<group>"; };
/* End PBXFileReference section */

/* Begin PBXFrameworksBuildPhase section */
		4B3424541F2B1C660049D6BE /* Frameworks */ = {
			isa = PBXFrameworksBuildPhase;
			buildActionMask = 2147483647;
			files = (
				4BD99E1F1F3312C4001DD5C2 /* MapKit.framework in Frameworks */,
			);
			runOnlyForDeploymentPostprocessing = 0;
		};
/* End PBXFrameworksBuildPhase section */

/* Begin PBXGroup section */
		4B34244E1F2B1C660049D6BE = {
			isa = PBXGroup;
			children = (
				4BEAA46A1F31AB23009D26C2 /* Location+CoreDataClass.swift */,
				4BEAA46B1F31AB23009D26C2 /* Location+CoreDataProperties.swift */,
				4B3424591F2B1C660049D6BE /* MyLocations */,
				4B3424581F2B1C660049D6BE /* Products */,
				4BD99E1D1F3312C4001DD5C2 /* Frameworks */,
			);
			sourceTree = "<group>";
		};
		4B3424581F2B1C660049D6BE /* Products */ = {
			isa = PBXGroup;
			children = (
				4B3424571F2B1C660049D6BE /* MyLocations.app */,
			);
			name = Products;
			sourceTree = "<group>";
		};
		4B3424591F2B1C660049D6BE /* MyLocations */ = {
			isa = PBXGroup;
			children = (
				4BD99E2D1F33550D001DD5C2 /* Sound */,
				4B34245A1F2B1C660049D6BE /* AppDelegate.swift */,
				4B34245C1F2B1C660049D6BE /* CurrentLocationViewController.swift */,
				4B3424601F2B1C660049D6BE /* Main.storyboard */,
				4B3424631F2B1C660049D6BE /* Assets.xcassets */,
				4B3424681F2B1C660049D6BE /* Info.plist */,
				4B34246E1F2F54A00049D6BE /* LocationDetailsViewController.swift */,
				4B8D79221F3195B0006FAA64 /* CategoryPickerViewController.swift */,
				4BEAA4631F31A34C009D26C2 /* HudView.swift */,
				4BEAA4651F31A75F009D26C2 /* Functions.swift */,
				4BEAA4671F31A8AD009D26C2 /* DataModel.xcdatamodeld */,
				4BEAA46E1F31E952009D26C2 /* LocationsViewController.swift */,
				4BEAA4701F31F02C009D26C2 /* LocationCellTableViewCell.swift */,
				4BD99E201F331385001DD5C2 /* MapViewController.swift */,
				4BD99E221F333A03001DD5C2 /* UIImage+Resize.swift */,
				4BD99E241F333D5A001DD5C2 /* String +AddText.swift */,
				4BD99E261F334A28001DD5C2 /* MyTabBarController.swift */,
				4BD99E281F334A6D001DD5C2 /* MyNavigationController.swift */,
				4BD99E2A1F334AD8001DD5C2 /* MyImagePickerController.swift */,
			);
			path = MyLocations;
			sourceTree = "<group>";
		};
		4BD99E1D1F3312C4001DD5C2 /* Frameworks */ = {
			isa = PBXGroup;
			children = (
				4BD99E1E1F3312C4001DD5C2 /* MapKit.framework */,
			);
			name = Frameworks;
			sourceTree = "<group>";
		};
		4BD99E2D1F33550D001DD5C2 /* Sound */ = {
			isa = PBXGroup;
			children = (
				4BD99E2E1F33550D001DD5C2 /* Sound.caf */,
			);
			path = Sound;
			sourceTree = "<group>";
		};
/* End PBXGroup section */

/* Begin PBXNativeTarget section */
		4B3424561F2B1C660049D6BE /* MyLocations */ = {
			isa = PBXNativeTarget;
			buildConfigurationList = 4B34246B1F2B1C660049D6BE /* Build configuration list for PBXNativeTarget "MyLocations" */;
			buildPhases = (
				4B3424531F2B1C660049D6BE /* Sources */,
				4B3424541F2B1C660049D6BE /* Frameworks */,
				4B3424551F2B1C660049D6BE /* Resources */,
			);
			buildRules = (
			);
			dependencies = (
			);
			name = MyLocations;
			productName = MyLocations;
			productReference = 4B3424571F2B1C660049D6BE /* MyLocations.app */;
			productType = "com.apple.product-type.application";
		};
/* End PBXNativeTarget section */

/* Begin PBXProject section */
		4B34244F1F2B1C660049D6BE /* Project object */ = {
			isa = PBXProject;
			attributes = {
				LastSwiftUpdateCheck = 0830;
				LastUpgradeCheck = 0830;
				ORGANIZATIONNAME = "kopparthi sai suman";
				TargetAttributes = {
					4B3424561F2B1C660049D6BE = {
						CreatedOnToolsVersion = 8.3.3;
						DevelopmentTeam = ACL64QPX3V;
						ProvisioningStyle = Automatic;
						SystemCapabilities = {
							com.apple.Maps.iOS = {
								enabled = 1;
							};
						};
					};
				};
			};
			buildConfigurationList = 4B3424521F2B1C660049D6BE /* Build configuration list for PBXProject "MyLocations" */;
			compatibilityVersion = "Xcode 3.2";
			developmentRegion = English;
			hasScannedForEncodings = 0;
			knownRegions = (
				en,
				Base,
			);
			mainGroup = 4B34244E1F2B1C660049D6BE;
			productRefGroup = 4B3424581F2B1C660049D6BE /* Products */;
			projectDirPath = "";
			projectRoot = "";
			targets = (
				4B3424561F2B1C660049D6BE /* MyLocations */,
			);
		};
/* End PBXProject section */

/* Begin PBXResourcesBuildPhase section */
		4B3424551F2B1C660049D6BE /* Resources */ = {
			isa = PBXResourcesBuildPhase;
			buildActionMask = 2147483647;
			files = (
				4B3424641F2B1C660049D6BE /* Assets.xcassets in Resources */,
				4BD99E2F1F33550D001DD5C2 /* Sound.caf in Resources */,
				4B3424621F2B1C660049D6BE /* Main.storyboard in Resources */,
			);
			runOnlyForDeploymentPostprocessing = 0;
		};
/* End PBXResourcesBuildPhase section */

/* Begin PBXSourcesBuildPhase section */
		4B3424531F2B1C660049D6BE /* Sources */ = {
			isa = PBXSourcesBuildPhase;
			buildActionMask = 2147483647;
			files = (
				4B34246F1F2F54A00049D6BE /* LocationDetailsViewController.swift in Sources */,
				4BD99E291F334A6D001DD5C2 /* MyNavigationController.swift in Sources */,
				4BEAA4691F31A8AD009D26C2 /* DataModel.xcdatamodeld in Sources */,
				4BD99E2B1F334AD8001DD5C2 /* MyImagePickerController.swift in Sources */,
				4BD99E251F333D5A001DD5C2 /* String +AddText.swift in Sources */,
				4BEAA4711F31F02C009D26C2 /* LocationCellTableViewCell.swift in Sources */,
				4BEAA4641F31A34C009D26C2 /* HudView.swift in Sources */,
				4BEAA46F1F31E952009D26C2 /* LocationsViewController.swift in Sources */,
				4BD99E211F331385001DD5C2 /* MapViewController.swift in Sources */,
				4BD99E231F333A03001DD5C2 /* UIImage+Resize.swift in Sources */,
				4BEAA46D1F31AB23009D26C2 /* Location+CoreDataProperties.swift in Sources */,
				4BEAA4661F31A75F009D26C2 /* Functions.swift in Sources */,
				4B34245B1F2B1C660049D6BE /* AppDelegate.swift in Sources */,
				4BEAA46C1F31AB23009D26C2 /* Location+CoreDataClass.swift in Sources */,
				4B8D79231F3195B0006FAA64 /* CategoryPickerViewController.swift in Sources */,
				4B34245D1F2B1C660049D6BE /* CurrentLocationViewController.swift in Sources */,
				4BD99E271F334A28001DD5C2 /* MyTabBarController.swift in Sources */,
			);
			runOnlyForDeploymentPostprocessing = 0;
		};
/* End PBXSourcesBuildPhase section */

/* Begin PBXVariantGroup section */
		4B3424601F2B1C660049D6BE /* Main.storyboard */ = {
			isa = PBXVariantGroup;
			children = (
				4B3424611F2B1C660049D6BE /* Base */,
			);
			name = Main.storyboard;
			sourceTree = "<group>";
		};
/* End PBXVariantGroup section */

/* Begin XCBuildConfiguration section */
		4B3424691F2B1C660049D6BE /* Debug */ = {
			isa = XCBuildConfiguration;
			buildSettings = {
				ALWAYS_SEARCH_USER_PATHS = NO;
				CLANG_ANALYZER_NONNULL = YES;
				CLANG_ANALYZER_NUMBER_OBJECT_CONVERSION = YES_AGGRESSIVE;
				CLANG_CXX_LANGUAGE_STANDARD = "gnu++0x";
				CLANG_CXX_LIBRARY = "libc++";
				CLANG_ENABLE_MODULES = YES;
				CLANG_ENABLE_OBJC_ARC = YES;
				CLANG_WARN_BOOL_CONVERSION = YES;
				CLANG_WARN_CONSTANT_CONVERSION = YES;
				CLANG_WARN_DIRECT_OBJC_ISA_USAGE = YES_ERROR;
				CLANG_WARN_DOCUMENTATION_COMMENTS = YES;
				CLANG_WARN_EMPTY_BODY = YES;
				CLANG_WARN_ENUM_CONVERSION = YES;
				CLANG_WARN_INFINITE_RECURSION = YES;
				CLANG_WARN_INT_CONVERSION = YES;
				CLANG_WARN_OBJC_ROOT_CLASS = YES_ERROR;
				CLANG_WARN_SUSPICIOUS_MOVE = YES;
				CLANG_WARN_UNREACHABLE_CODE = YES;
				CLANG_WARN__DUPLICATE_METHOD_MATCH = YES;
				"CODE_SIGN_IDENTITY[sdk=iphoneos*]" = "iPhone Developer";
				COPY_PHASE_STRIP = NO;
				DEBUG_INFORMATION_FORMAT = dwarf;
				ENABLE_STRICT_OBJC_MSGSEND = YES;
				ENABLE_TESTABILITY = YES;
				GCC_C_LANGUAGE_STANDARD = gnu99;
				GCC_DYNAMIC_NO_PIC = NO;
				GCC_NO_COMMON_BLOCKS = YES;
				GCC_OPTIMIZATION_LEVEL = 0;
				GCC_PREPROCESSOR_DEFINITIONS = (
					"DEBUG=1",
					"$(inherited)",
				);
				GCC_WARN_64_TO_32_BIT_CONVERSION = YES;
				GCC_WARN_ABOUT_RETURN_TYPE = YES_ERROR;
				GCC_WARN_UNDECLARED_SELECTOR = YES;
				GCC_WARN_UNINITIALIZED_AUTOS = YES_AGGRESSIVE;
				GCC_WARN_UNUSED_FUNCTION = YES;
				GCC_WARN_UNUSED_VARIABLE = YES;
				IPHONEOS_DEPLOYMENT_TARGET = 10.3;
				MTL_ENABLE_DEBUG_INFO = YES;
				ONLY_ACTIVE_ARCH = YES;
				SDKROOT = iphoneos;
				SWIFT_ACTIVE_COMPILATION_CONDITIONS = DEBUG;
				SWIFT_OPTIMIZATION_LEVEL = "-Onone";
			};
			name = Debug;
		};
		4B34246A1F2B1C660049D6BE /* Release */ = {
			isa = XCBuildConfiguration;
			buildSettings = {
				ALWAYS_SEARCH_USER_PATHS = NO;
				CLANG_ANALYZER_NONNULL = YES;
				CLANG_ANALYZER_NUMBER_OBJECT_CONVERSION = YES_AGGRESSIVE;
				CLANG_CXX_LANGUAGE_STANDARD = "gnu++0x";
				CLANG_CXX_LIBRARY = "libc++";
				CLANG_ENABLE_MODULES = YES;
				CLANG_ENABLE_OBJC_ARC = YES;
				CLANG_WARN_BOOL_CONVERSION = YES;
				CLANG_WARN_CONSTANT_CONVERSION = YES;
				CLANG_WARN_DIRECT_OBJC_ISA_USAGE = YES_ERROR;
				CLANG_WARN_DOCUMENTATION_COMMENTS = YES;
				CLANG_WARN_EMPTY_BODY = YES;
				CLANG_WARN_ENUM_CONVERSION = YES;
				CLANG_WARN_INFINITE_RECURSION = YES;
				CLANG_WARN_INT_CONVERSION = YES;
				CLANG_WARN_OBJC_ROOT_CLASS = YES_ERROR;
				CLANG_WARN_SUSPICIOUS_MOVE = YES;
				CLANG_WARN_UNREACHABLE_CODE = YES;
				CLANG_WARN__DUPLICATE_METHOD_MATCH = YES;
				"CODE_SIGN_IDENTITY[sdk=iphoneos*]" = "iPhone Developer";
				COPY_PHASE_STRIP = NO;
				DEBUG_INFORMATION_FORMAT = "dwarf-with-dsym";
				ENABLE_NS_ASSERTIONS = NO;
				ENABLE_STRICT_OBJC_MSGSEND = YES;
				GCC_C_LANGUAGE_STANDARD = gnu99;
				GCC_NO_COMMON_BLOCKS = YES;
				GCC_WARN_64_TO_32_BIT_CONVERSION = YES;
				GCC_WARN_ABOUT_RETURN_TYPE = YES_ERROR;
				GCC_WARN_UNDECLARED_SELECTOR = YES;
				GCC_WARN_UNINITIALIZED_AUTOS = YES_AGGRESSIVE;
				GCC_WARN_UNUSED_FUNCTION = YES;
				GCC_WARN_UNUSED_VARIABLE = YES;
				IPHONEOS_DEPLOYMENT_TARGET = 10.3;
				MTL_ENABLE_DEBUG_INFO = NO;
				SDKROOT = iphoneos;
				SWIFT_OPTIMIZATION_LEVEL = "-Owholemodule";
				VALIDATE_PRODUCT = YES;
			};
			name = Release;
		};
		4B34246C1F2B1C660049D6BE /* Debug */ = {
			isa = XCBuildConfiguration;
			buildSettings = {
				ASSETCATALOG_COMPILER_APPICON_NAME = AppIcon;
				ASSETCATALOG_COMPILER_LAUNCHIMAGE_NAME = LaunchImage;
				DEVELOPMENT_TEAM = ACL64QPX3V;
				INFOPLIST_FILE = MyLocations/Info.plist;
				IPHONEOS_DEPLOYMENT_TARGET = 10.0;
				LD_RUNPATH_SEARCH_PATHS = "$(inherited) @executable_path/Frameworks";
				PRODUCT_BUNDLE_IDENTIFIER = kopparthisaisuman.MyLocations;
				PRODUCT_NAME = "$(TARGET_NAME)";
				SWIFT_VERSION = 3.0;
			};
			name = Debug;
		};
		4B34246D1F2B1C660049D6BE /* Release */ = {
			isa = XCBuildConfiguration;
			buildSettings = {
				ASSETCATALOG_COMPILER_APPICON_NAME = AppIcon;
				ASSETCATALOG_COMPILER_LAUNCHIMAGE_NAME = LaunchImage;
				DEVELOPMENT_TEAM = ACL64QPX3V;
				INFOPLIST_FILE = MyLocations/Info.plist;
				IPHONEOS_DEPLOYMENT_TARGET = 10.0;
				LD_RUNPATH_SEARCH_PATHS = "$(inherited) @executable_path/Frameworks";
				PRODUCT_BUNDLE_IDENTIFIER = kopparthisaisuman.MyLocations;
				PRODUCT_NAME = "$(TARGET_NAME)";
				SWIFT_VERSION = 3.0;
			};
			name = Release;
		};
/* End XCBuildConfiguration section */

/* Begin XCConfigurationList section */
		4B3424521F2B1C660049D6BE /* Build configuration list for PBXProject "MyLocations" */ = {
			isa = XCConfigurationList;
			buildConfigurations = (
				4B3424691F2B1C660049D6BE /* Debug */,
				4B34246A1F2B1C660049D6BE /* Release */,
			);
			defaultConfigurationIsVisible = 0;
			defaultConfigurationName = Release;
		};
		4B34246B1F2B1C660049D6BE /* Build configuration list for PBXNativeTarget "MyLocations" */ = {
			isa = XCConfigurationList;
			buildConfigurations = (
				4B34246C1F2B1C660049D6BE /* Debug */,
				4B34246D1F2B1C660049D6BE /* Release */,
			);
			defaultConfigurationIsVisible = 0;
			defaultConfigurationName = Release;
		};
/* End XCConfigurationList section */

/* Begin XCVersionGroup section */
		4BEAA4671F31A8AD009D26C2 /* DataModel.xcdatamodeld */ = {
			isa = XCVersionGroup;
			children = (
				4BEAA4681F31A8AD009D26C2 /* DataModel.xcdatamodel */,
			);
			currentVersion = 4BEAA4681F31A8AD009D26C2 /* DataModel.xcdatamodel */;
			path = DataModel.xcdatamodeld;
			sourceTree = "<group>";
			versionGroupType = wrapper.xcdatamodel;
		};
/* End XCVersionGroup section */
	};
	rootObject = 4B34244F1F2B1C660049D6BE /* Project object */;
}
