// !$*UTF8*$!
{
	archiveVersion = 1;
	classes = {
	};
	objectVersion = 46;
	objects = {

/* Begin PBXBuildFile section */
		4B33D7991F384D9A00A6850F /* SearchResult.swift in Sources */ = {isa = PBXBuildFile; fileRef = 4B33D7981F384D9A00A6850F /* SearchResult.swift */; };
		4BC18D951F346DDE005CE671 /* AppDelegate.swift in Sources */ = {isa = PBXBuildFile; fileRef = 4BC18D941F346DDE005CE671 /* AppDelegate.swift */; };
		4BC18D971F346DDE005CE671 /* SearchViewController.swift in Sources */ = {isa = PBXBuildFile; fileRef = 4BC18D961F346DDE005CE671 /* SearchViewController.swift */; };
		4BC18D9A1F346DDE005CE671 /* Main.storyboard in Resources */ = {isa = PBXBuildFile; fileRef = 4BC18D981F346DDE005CE671 /* Main.storyboard */; };
		4BC18D9C1F346DDE005CE671 /* Assets.xcassets in Resources */ = {isa = PBXBuildFile; fileRef = 4BC18D9B1F346DDE005CE671 /* Assets.xcassets */; };
		4BC18D9F1F346DDE005CE671 /* LaunchScreen.storyboard in Resources */ = {isa = PBXBuildFile; fileRef = 4BC18D9D1F346DDE005CE671 /* LaunchScreen.storyboard */; };
/* End PBXBuildFile section */

/* Begin PBXFileReference section */
		4B33D7981F384D9A00A6850F /* SearchResult.swift */ = {isa = PBXFileReference; fileEncoding = 4; lastKnownFileType = sourcecode.swift; path = SearchResult.swift; sourceTree = "<group>"; };
		4BC18D911F346DDE005CE671 /* StoreSearch.app */ = {isa = PBXFileReference; explicitFileType = wrapper.application; includeInIndex = 0; path = StoreSearch.app; sourceTree = BUILT_PRODUCTS_DIR; };
		4BC18D941F346DDE005CE671 /* AppDelegate.swift */ = {isa = PBXFileReference; lastKnownFileType = sourcecode.swift; path = AppDelegate.swift; sourceTree = "<group>"; };
		4BC18D961F346DDE005CE671 /* SearchViewController.swift */ = {isa = PBXFileReference; lastKnownFileType = sourcecode.swift; path = SearchViewController.swift; sourceTree = "<group>"; };
		4BC18D991F346DDE005CE671 /* Base */ = {isa = PBXFileReference; lastKnownFileType = file.storyboard; name = Base; path = Base.lproj/Main.storyboard; sourceTree = "<group>"; };
		4BC18D9B1F346DDE005CE671 /* Assets.xcassets */ = {isa = PBXFileReference; lastKnownFileType = folder.assetcatalog; path = Assets.xcassets; sourceTree = "<group>"; };
		4BC18D9E1F346DDE005CE671 /* Base */ = {isa = PBXFileReference; lastKnownFileType = file.storyboard; name = Base; path = Base.lproj/LaunchScreen.storyboard; sourceTree = "<group>"; };
		4BC18DA01F346DDE005CE671 /* Info.plist */ = {isa = PBXFileReference; lastKnownFileType = text.plist.xml; path = Info.plist; sourceTree = "<group>"; };
/* End PBXFileReference section */

/* Begin PBXFrameworksBuildPhase section */
		4BC18D8E1F346DDE005CE671 /* Frameworks */ = {
			isa = PBXFrameworksBuildPhase;
			buildActionMask = 2147483647;
			files = (
			);
			runOnlyForDeploymentPostprocessing = 0;
		};
/* End PBXFrameworksBuildPhase section */

/* Begin PBXGroup section */
		4BC18D881F346DDE005CE671 = {
			isa = PBXGroup;
			children = (
				4BC18D931F346DDE005CE671 /* StoreSearch */,
				4BC18D921F346DDE005CE671 /* Products */,
			);
			sourceTree = "<group>";
		};
		4BC18D921F346DDE005CE671 /* Products */ = {
			isa = PBXGroup;
			children = (
				4BC18D911F346DDE005CE671 /* StoreSearch.app */,
			);
			name = Products;
			sourceTree = "<group>";
		};
		4BC18D931F346DDE005CE671 /* StoreSearch */ = {
			isa = PBXGroup;
			children = (
				4BC18D941F346DDE005CE671 /* AppDelegate.swift */,
				4BC18D961F346DDE005CE671 /* SearchViewController.swift */,
				4BC18D981F346DDE005CE671 /* Main.storyboard */,
				4BC18D9B1F346DDE005CE671 /* Assets.xcassets */,
				4BC18D9D1F346DDE005CE671 /* LaunchScreen.storyboard */,
				4BC18DA01F346DDE005CE671 /* Info.plist */,
				4B33D7981F384D9A00A6850F /* SearchResult.swift */,
			);
			path = StoreSearch;
			sourceTree = "<group>";
		};
/* End PBXGroup section */

/* Begin PBXNativeTarget section */
		4BC18D901F346DDE005CE671 /* StoreSearch */ = {
			isa = PBXNativeTarget;
			buildConfigurationList = 4BC18DA31F346DDE005CE671 /* Build configuration list for PBXNativeTarget "StoreSearch" */;
			buildPhases = (
				4BC18D8D1F346DDE005CE671 /* Sources */,
				4BC18D8E1F346DDE005CE671 /* Frameworks */,
				4BC18D8F1F346DDE005CE671 /* Resources */,
			);
			buildRules = (
			);
			dependencies = (
			);
			name = StoreSearch;
			productName = StoreSearch;
			productReference = 4BC18D911F346DDE005CE671 /* StoreSearch.app */;
			productType = "com.apple.product-type.application";
		};
/* End PBXNativeTarget section */

/* Begin PBXProject section */
		4BC18D891F346DDE005CE671 /* Project object */ = {
			isa = PBXProject;
			attributes = {
				LastSwiftUpdateCheck = 0830;
				LastUpgradeCheck = 0830;
				ORGANIZATIONNAME = "kopparthi sai suman";
				TargetAttributes = {
					4BC18D901F346DDE005CE671 = {
						CreatedOnToolsVersion = 8.3.3;
						DevelopmentTeam = ACL64QPX3V;
						ProvisioningStyle = Automatic;
					};
				};
			};
			buildConfigurationList = 4BC18D8C1F346DDE005CE671 /* Build configuration list for PBXProject "StoreSearch" */;
			compatibilityVersion = "Xcode 3.2";
			developmentRegion = English;
			hasScannedForEncodings = 0;
			knownRegions = (
				en,
				Base,
			);
			mainGroup = 4BC18D881F346DDE005CE671;
			productRefGroup = 4BC18D921F346DDE005CE671 /* Products */;
			projectDirPath = "";
			projectRoot = "";
			targets = (
				4BC18D901F346DDE005CE671 /* StoreSearch */,
			);
		};
/* End PBXProject section */

/* Begin PBXResourcesBuildPhase section */
		4BC18D8F1F346DDE005CE671 /* Resources */ = {
			isa = PBXResourcesBuildPhase;
			buildActionMask = 2147483647;
			files = (
				4BC18D9F1F346DDE005CE671 /* LaunchScreen.storyboard in Resources */,
				4BC18D9C1F346DDE005CE671 /* Assets.xcassets in Resources */,
				4BC18D9A1F346DDE005CE671 /* Main.storyboard in Resources */,
			);
			runOnlyForDeploymentPostprocessing = 0;
		};
/* End PBXResourcesBuildPhase section */

/* Begin PBXSourcesBuildPhase section */
		4BC18D8D1F346DDE005CE671 /* Sources */ = {
			isa = PBXSourcesBuildPhase;
			buildActionMask = 2147483647;
			files = (
				4BC18D971F346DDE005CE671 /* SearchViewController.swift in Sources */,
				4B33D7991F384D9A00A6850F /* SearchResult.swift in Sources */,
				4BC18D951F346DDE005CE671 /* AppDelegate.swift in Sources */,
			);
			runOnlyForDeploymentPostprocessing = 0;
		};
/* End PBXSourcesBuildPhase section */

/* Begin PBXVariantGroup section */
		4BC18D981F346DDE005CE671 /* Main.storyboard */ = {
			isa = PBXVariantGroup;
			children = (
				4BC18D991F346DDE005CE671 /* Base */,
			);
			name = Main.storyboard;
			sourceTree = "<group>";
		};
		4BC18D9D1F346DDE005CE671 /* LaunchScreen.storyboard */ = {
			isa = PBXVariantGroup;
			children = (
				4BC18D9E1F346DDE005CE671 /* Base */,
			);
			name = LaunchScreen.storyboard;
			sourceTree = "<group>";
		};
/* End PBXVariantGroup section */

/* Begin XCBuildConfiguration section */
		4BC18DA11F346DDE005CE671 /* Debug */ = {
			isa = XCBuildConfiguration;
			buildSettings = {
				ALWAYS_SEARCH_USER_PATHS = NO;
				CLANG_ANALYZER_NONNULL = YES;
				CLANG_ANALYZER_NUMBER_OBJECT_CONVERSION = YES_AGGRESSIVE;
				CLANG_CXX_LANGUAGE_STANDARD = "gnu++0x";
				CLANG_CXX_LIBRARY = "libc++";
				CLANG_ENABLE_MODULES = YES;
				CLANG_ENABLE_OBJC_ARC = YES;
				CLANG_WARN_BOOL_CONVERSION = YES;
				CLANG_WARN_CONSTANT_CONVERSION = YES;
				CLANG_WARN_DIRECT_OBJC_ISA_USAGE = YES_ERROR;
				CLANG_WARN_DOCUMENTATION_COMMENTS = YES;
				CLANG_WARN_EMPTY_BODY = YES;
				CLANG_WARN_ENUM_CONVERSION = YES;
				CLANG_WARN_INFINITE_RECURSION = YES;
				CLANG_WARN_INT_CONVERSION = YES;
				CLANG_WARN_OBJC_ROOT_CLASS = YES_ERROR;
				CLANG_WARN_SUSPICIOUS_MOVE = YES;
				CLANG_WARN_UNREACHABLE_CODE = YES;
				CLANG_WARN__DUPLICATE_METHOD_MATCH = YES;
				"CODE_SIGN_IDENTITY[sdk=iphoneos*]" = "iPhone Developer";
				COPY_PHASE_STRIP = NO;
				DEBUG_INFORMATION_FORMAT = dwarf;
				ENABLE_STRICT_OBJC_MSGSEND = YES;
				ENABLE_TESTABILITY = YES;
				GCC_C_LANGUAGE_STANDARD = gnu99;
				GCC_DYNAMIC_NO_PIC = NO;
				GCC_NO_COMMON_BLOCKS = YES;
				GCC_OPTIMIZATION_LEVEL = 0;
				GCC_PREPROCESSOR_DEFINITIONS = (
					"DEBUG=1",
					"$(inherited)",
				);
				GCC_WARN_64_TO_32_BIT_CONVERSION = YES;
				GCC_WARN_ABOUT_RETURN_TYPE = YES_ERROR;
				GCC_WARN_UNDECLARED_SELECTOR = YES;
				GCC_WARN_UNINITIALIZED_AUTOS = YES_AGGRESSIVE;
				GCC_WARN_UNUSED_FUNCTION = YES;
				GCC_WARN_UNUSED_VARIABLE = YES;
				IPHONEOS_DEPLOYMENT_TARGET = 10.3;
				MTL_ENABLE_DEBUG_INFO = YES;
				ONLY_ACTIVE_ARCH = YES;
				SDKROOT = iphoneos;
				SWIFT_ACTIVE_COMPILATION_CONDITIONS = DEBUG;
				SWIFT_OPTIMIZATION_LEVEL = "-Onone";
			};
			name = Debug;
		};
		4BC18DA21F346DDE005CE671 /* Release */ = {
			isa = XCBuildConfiguration;
			buildSettings = {
				ALWAYS_SEARCH_USER_PATHS = NO;
				CLANG_ANALYZER_NONNULL = YES;
				CLANG_ANALYZER_NUMBER_OBJECT_CONVERSION = YES_AGGRESSIVE;
				CLANG_CXX_LANGUAGE_STANDARD = "gnu++0x";
				CLANG_CXX_LIBRARY = "libc++";
				CLANG_ENABLE_MODULES = YES;
				CLANG_ENABLE_OBJC_ARC = YES;
				CLANG_WARN_BOOL_CONVERSION = YES;
				CLANG_WARN_CONSTANT_CONVERSION = YES;
				CLANG_WARN_DIRECT_OBJC_ISA_USAGE = YES_ERROR;
				CLANG_WARN_DOCUMENTATION_COMMENTS = YES;
				CLANG_WARN_EMPTY_BODY = YES;
				CLANG_WARN_ENUM_CONVERSION = YES;
				CLANG_WARN_INFINITE_RECURSION = YES;
				CLANG_WARN_INT_CONVERSION = YES;
				CLANG_WARN_OBJC_ROOT_CLASS = YES_ERROR;
				CLANG_WARN_SUSPICIOUS_MOVE = YES;
				CLANG_WARN_UNREACHABLE_CODE = YES;
				CLANG_WARN__DUPLICATE_METHOD_MATCH = YES;
				"CODE_SIGN_IDENTITY[sdk=iphoneos*]" = "iPhone Developer";
				COPY_PHASE_STRIP = NO;
				DEBUG_INFORMATION_FORMAT = "dwarf-with-dsym";
				ENABLE_NS_ASSERTIONS = NO;
				ENABLE_STRICT_OBJC_MSGSEND = YES;
				GCC_C_LANGUAGE_STANDARD = gnu99;
				GCC_NO_COMMON_BLOCKS = YES;
				GCC_WARN_64_TO_32_BIT_CONVERSION = YES;
				GCC_WARN_ABOUT_RETURN_TYPE = YES_ERROR;
				GCC_WARN_UNDECLARED_SELECTOR = YES;
				GCC_WARN_UNINITIALIZED_AUTOS = YES_AGGRESSIVE;
				GCC_WARN_UNUSED_FUNCTION = YES;
				GCC_WARN_UNUSED_VARIABLE = YES;
				IPHONEOS_DEPLOYMENT_TARGET = 10.3;
				MTL_ENABLE_DEBUG_INFO = NO;
				SDKROOT = iphoneos;
				SWIFT_OPTIMIZATION_LEVEL = "-Owholemodule";
				VALIDATE_PRODUCT = YES;
			};
			name = Release;
		};
		4BC18DA41F346DDE005CE671 /* Debug */ = {
			isa = XCBuildConfiguration;
			buildSettings = {
				ASSETCATALOG_COMPILER_APPICON_NAME = AppIcon;
				DEVELOPMENT_TEAM = ACL64QPX3V;
				INFOPLIST_FILE = StoreSearch/Info.plist;
				LD_RUNPATH_SEARCH_PATHS = "$(inherited) @executable_path/Frameworks";
				PRODUCT_BUNDLE_IDENTIFIER = kopparthisaisuman.StoreSearch;
				PRODUCT_NAME = "$(TARGET_NAME)";
				SWIFT_VERSION = 3.0;
			};
			name = Debug;
		};
		4BC18DA51F346DDE005CE671 /* Release */ = {
			isa = XCBuildConfiguration;
			buildSettings = {
				ASSETCATALOG_COMPILER_APPICON_NAME = AppIcon;
				DEVELOPMENT_TEAM = ACL64QPX3V;
				INFOPLIST_FILE = StoreSearch/Info.plist;
				LD_RUNPATH_SEARCH_PATHS = "$(inherited) @executable_path/Frameworks";
				PRODUCT_BUNDLE_IDENTIFIER = kopparthisaisuman.StoreSearch;
				PRODUCT_NAME = "$(TARGET_NAME)";
				SWIFT_VERSION = 3.0;
			};
			name = Release;
		};
/* End XCBuildConfiguration section */

/* Begin XCConfigurationList section */
		4BC18D8C1F346DDE005CE671 /* Build configuration list for PBXProject "StoreSearch" */ = {
			isa = XCConfigurationList;
			buildConfigurations = (
				4BC18DA11F346DDE005CE671 /* Debug */,
				4BC18DA21F346DDE005CE671 /* Release */,
			);
			defaultConfigurationIsVisible = 0;
			defaultConfigurationName = Release;
		};
		4BC18DA31F346DDE005CE671 /* Build configuration list for PBXNativeTarget "StoreSearch" */ = {
			isa = XCConfigurationList;
			buildConfigurations = (
				4BC18DA41F346DDE005CE671 /* Debug */,
				4BC18DA51F346DDE005CE671 /* Release */,
			);
			defaultConfigurationIsVisible = 0;
			defaultConfigurationName = Release;
		};
/* End XCConfigurationList section */
	};
	rootObject = 4BC18D891F346DDE005CE671 /* Project object */;
}
